
Microsoft Visual Studio Solution File, Format Version 12.00
# Visual Studio 15
VisualStudioVersion = 15.0.28010.2046
MinimumVisualStudioVersion = 10.0.40219.1
Project("{FAE04EC0-301F-11D3-BF4B-00C04F79EFBC}") = "Cole", "Cole\Cole.csproj", "{A8674A88-0742-4EF0-8AB5-52D415B7666E}"
EndProject
Global
	GlobalSection(SolutionConfigurationPlatforms) = preSolution
		Debug|Any CPU = Debug|Any CPU
		Release|Any CPU = Release|Any CPU
	EndGlobalSection
	GlobalSection(ProjectConfigurationPlatforms) = postSolution
		{A8674A88-0742-4EF0-8AB5-52D415B7666E}.Debug|Any CPU.ActiveCfg = Debug|Any CPU
		{A8674A88-0742-4EF0-8AB5-52D415B7666E}.Debug|Any CPU.Build.0 = Debug|Any CPU
		{A8674A88-0742-4EF0-8AB5-52D415B7666E}.Release|Any CPU.ActiveCfg = Release|Any CPU
		{A8674A88-0742-4EF0-8AB5-52D415B7666E}.Release|Any CPU.Build.0 = Release|Any CPU
	EndGlobalSection
	GlobalSection(SolutionProperties) = preSolution
		HideSolutionNode = FALSE
	EndGlobalSection
	GlobalSection(ExtensibilityGlobals) = postSolution
		SolutionGuid = {FB417282-B45A-424B-9039-01BC7CBB33B2}
	EndGlobalSection
EndGlobal
